
Microsoft Visual Studio Solution File, Format Version 12.00
# Visual Studio Version 16
VisualStudioVersion = 16.0.31229.75
MinimumVisualStudioVersion = 10.0.40219.1
Project("{FAE04EC0-301F-11D3-BF4B-00C04F79EFBC}") = "EnterName", "EnterName\EnterName.csproj", "{7A94B53E-6961-4135-BFC7-3FA70CB2A829}"
EndProject
Global
	GlobalSection(SolutionConfigurationPlatforms) = preSolution
		Debug|Any CPU = Debug|Any CPU
		Release|Any CPU = Release|Any CPU
	EndGlobalSection
	GlobalSection(ProjectConfigurationPlatforms) = postSolution
		{7A94B53E-6961-4135-BFC7-3FA70CB2A829}.Debug|Any CPU.ActiveCfg = Debug|Any CPU
		{7A94B53E-6961-4135-BFC7-3FA70CB2A829}.Debug|Any CPU.Build.0 = Debug|Any CPU
		{7A94B53E-6961-4135-BFC7-3FA70CB2A829}.Release|Any CPU.ActiveCfg = Release|Any CPU
		{7A94B53E-6961-4135-BFC7-3FA70CB2A829}.Release|Any CPU.Build.0 = Release|Any CPU
	EndGlobalSection
	GlobalSection(SolutionProperties) = preSolution
		HideSolutionNode = FALSE
	EndGlobalSection
	GlobalSection(ExtensibilityGlobals) = postSolution
		SolutionGuid = {C0A3BEB6-6F2D-4D22-B039-6C051DBBDDC4}
	EndGlobalSection
EndGlobal
